
Microsoft Visual Studio Solution File, Format Version 12.00
# Visual Studio 15
VisualStudioVersion = 15.0.27428.2037
MinimumVisualStudioVersion = 10.0.40219.1
Project("{FAE04EC0-301F-11D3-BF4B-00C04F79EFBC}") = "FileCertificateEncryption", "FileCertificateEncryption\FileCertificateEncryption.csproj", "{3E34F37F-5B58-4EB8-AD17-06EB7D640C0A}"
EndProject
Global
	GlobalSection(SolutionConfigurationPlatforms) = preSolution
		Debug|Any CPU = Debug|Any CPU
		Release|Any CPU = Release|Any CPU
	EndGlobalSection
	GlobalSection(ProjectConfigurationPlatforms) = postSolution
		{3E34F37F-5B58-4EB8-AD17-06EB7D640C0A}.Debug|Any CPU.ActiveCfg = Debug|Any CPU
		{3E34F37F-5B58-4EB8-AD17-06EB7D640C0A}.Debug|Any CPU.Build.0 = Debug|Any CPU
		{3E34F37F-5B58-4EB8-AD17-06EB7D640C0A}.Release|Any CPU.ActiveCfg = Release|Any CPU
		{3E34F37F-5B58-4EB8-AD17-06EB7D640C0A}.Release|Any CPU.Build.0 = Release|Any CPU
	EndGlobalSection
	GlobalSection(SolutionProperties) = preSolution
		HideSolutionNode = FALSE
	EndGlobalSection
	GlobalSection(ExtensibilityGlobals) = postSolution
		SolutionGuid = {18000673-FB4B-4434-8B28-8B9C6E3620E9}
	EndGlobalSection
EndGlobal
